
Microsoft Visual Studio Solution File, Format Version 12.00
# Visual Studio Version 16
VisualStudioVersion = 16.0.30907.101
MinimumVisualStudioVersion = 10.0.40219.1
Project("{FAE04EC0-301F-11D3-BF4B-00C04F79EFBC}") = "Accounting", "Accounting.csproj", "{2D3FBBFC-C898-4317-ACF6-C91E355FAAE8}"
EndProject
Global
	GlobalSection(SolutionConfigurationPlatforms) = preSolution
		Debug|Any CPU = Debug|Any CPU
		Release|Any CPU = Release|Any CPU
	EndGlobalSection
	GlobalSection(ProjectConfigurationPlatforms) = postSolution
		{2D3FBBFC-C898-4317-ACF6-C91E355FAAE8}.Debug|Any CPU.ActiveCfg = Debug|Any CPU
		{2D3FBBFC-C898-4317-ACF6-C91E355FAAE8}.Debug|Any CPU.Build.0 = Debug|Any CPU
		{2D3FBBFC-C898-4317-ACF6-C91E355FAAE8}.Release|Any CPU.ActiveCfg = Release|Any CPU
		{2D3FBBFC-C898-4317-ACF6-C91E355FAAE8}.Release|Any CPU.Build.0 = Release|Any CPU
	EndGlobalSection
	GlobalSection(SolutionProperties) = preSolution
		HideSolutionNode = FALSE
	EndGlobalSection
	GlobalSection(ExtensibilityGlobals) = postSolution
		SolutionGuid = {763D6187-D346-4E8C-B596-4936E77C3328}
	EndGlobalSection
EndGlobal
